
Microsoft Visual Studio Solution File, Format Version 12.00
Project("{FAE04EC0-301F-11D3-BF4B-00C04F79EFBC}") = "CaseApi.Web", "CaseApi.Web\CaseApi.Web.csproj", "{CA3E1CAB-F1F1-4E03-BEB1-790B08CABA90}"
EndProject
Project("{FAE04EC0-301F-11D3-BF4B-00C04F79EFBC}") = "CaseApi.Data", "CaseApi.Data\CaseApi.Data.csproj", "{C2278A90-C4CD-45EA-BCA9-F5EBFAAECAC5}"
EndProject
Project("{FAE04EC0-301F-11D3-BF4B-00C04F79EFBC}") = "CaseApi.Services", "CaseApi.Services\CaseApi.Services.csproj", "{CFEA0785-A130-490B-8778-CABEF088DF1E}"
EndProject
Project("{FAE04EC0-301F-11D3-BF4B-00C04F79EFBC}") = "CaseApi.Test", "CaseApi.Test\CaseApi.Test.csproj", "{0D74B918-1DB9-4630-80B6-3A28EF4CED17}"
EndProject
Global
	GlobalSection(SolutionConfigurationPlatforms) = preSolution
		Debug|Any CPU = Debug|Any CPU
		Release|Any CPU = Release|Any CPU
	EndGlobalSection
	GlobalSection(ProjectConfigurationPlatforms) = postSolution
		{CA3E1CAB-F1F1-4E03-BEB1-790B08CABA90}.Debug|Any CPU.ActiveCfg = Debug|Any CPU
		{CA3E1CAB-F1F1-4E03-BEB1-790B08CABA90}.Debug|Any CPU.Build.0 = Debug|Any CPU
		{CA3E1CAB-F1F1-4E03-BEB1-790B08CABA90}.Release|Any CPU.ActiveCfg = Release|Any CPU
		{CA3E1CAB-F1F1-4E03-BEB1-790B08CABA90}.Release|Any CPU.Build.0 = Release|Any CPU
		{C2278A90-C4CD-45EA-BCA9-F5EBFAAECAC5}.Debug|Any CPU.ActiveCfg = Debug|Any CPU
		{C2278A90-C4CD-45EA-BCA9-F5EBFAAECAC5}.Debug|Any CPU.Build.0 = Debug|Any CPU
		{C2278A90-C4CD-45EA-BCA9-F5EBFAAECAC5}.Release|Any CPU.ActiveCfg = Release|Any CPU
		{C2278A90-C4CD-45EA-BCA9-F5EBFAAECAC5}.Release|Any CPU.Build.0 = Release|Any CPU
		{CFEA0785-A130-490B-8778-CABEF088DF1E}.Debug|Any CPU.ActiveCfg = Debug|Any CPU
		{CFEA0785-A130-490B-8778-CABEF088DF1E}.Debug|Any CPU.Build.0 = Debug|Any CPU
		{CFEA0785-A130-490B-8778-CABEF088DF1E}.Release|Any CPU.ActiveCfg = Release|Any CPU
		{CFEA0785-A130-490B-8778-CABEF088DF1E}.Release|Any CPU.Build.0 = Release|Any CPU
		{0D74B918-1DB9-4630-80B6-3A28EF4CED17}.Debug|Any CPU.ActiveCfg = Debug|Any CPU
		{0D74B918-1DB9-4630-80B6-3A28EF4CED17}.Debug|Any CPU.Build.0 = Debug|Any CPU
		{0D74B918-1DB9-4630-80B6-3A28EF4CED17}.Release|Any CPU.ActiveCfg = Release|Any CPU
		{0D74B918-1DB9-4630-80B6-3A28EF4CED17}.Release|Any CPU.Build.0 = Release|Any CPU
	EndGlobalSection
EndGlobal
